// !$*UTF8*$!
{
	archiveVersion = 1;
	classes = {
	};
	objectVersion = 46;
	objects = {

/* Begin PBXBuildFile section */
		0592236F8AF887EEB6493447 /* libPods-MVVMReactiveCocoaExample.a in Frameworks */ = {isa = PBXBuildFile; fileRef = 4D5304A566429A1466B11CC9 /* libPods-MVVMReactiveCocoaExample.a */; };
		191363821F3C56100078E173 /* PZBaseNavigationController.m in Sources */ = {isa = PBXBuildFile; fileRef = 191363811F3C56100078E173 /* PZBaseNavigationController.m */; };
		191363861F3D373C0078E173 /* MBProgressHUD+Add.m in Sources */ = {isa = PBXBuildFile; fileRef = 191363851F3D373C0078E173 /* MBProgressHUD+Add.m */; };
		191363891F3D38500078E173 /* error.png in Resources */ = {isa = PBXBuildFile; fileRef = 191363871F3D38500078E173 /* error.png */; };
		1913638A1F3D38500078E173 /* error@2x.png in Resources */ = {isa = PBXBuildFile; fileRef = 191363881F3D38500078E173 /* error@2x.png */; };
		1913638D1F3D385B0078E173 /* success.png in Resources */ = {isa = PBXBuildFile; fileRef = 1913638B1F3D385B0078E173 /* success.png */; };
		1913638E1F3D385B0078E173 /* success@2x.png in Resources */ = {isa = PBXBuildFile; fileRef = 1913638C1F3D385B0078E173 /* success@2x.png */; };
		191363911F3D4E070078E173 /* UIImage+PZExtension.m in Sources */ = {isa = PBXBuildFile; fileRef = 191363901F3D4E070078E173 /* UIImage+PZExtension.m */; };
		19C899521F46D70A00E4458B /* PZBaseResponseModel.m in Sources */ = {isa = PBXBuildFile; fileRef = 19C899511F46D70A00E4458B /* PZBaseResponseModel.m */; };
		19C899591F46E32300E4458B /* PZNetApiClient.m in Sources */ = {isa = PBXBuildFile; fileRef = 19C899581F46E32300E4458B /* PZNetApiClient.m */; };
		19C8995C1F46E35F00E4458B /* PZNetApiManager.m in Sources */ = {isa = PBXBuildFile; fileRef = 19C8995B1F46E35F00E4458B /* PZNetApiManager.m */; };
		19E704761F3B048F0099469C /* main.m in Sources */ = {isa = PBXBuildFile; fileRef = 19E704751F3B048F0099469C /* main.m */; };
		19E704791F3B048F0099469C /* AppDelegate.m in Sources */ = {isa = PBXBuildFile; fileRef = 19E704781F3B048F0099469C /* AppDelegate.m */; };
		19E704811F3B048F0099469C /* Assets.xcassets in Resources */ = {isa = PBXBuildFile; fileRef = 19E704801F3B048F0099469C /* Assets.xcassets */; };
		19E704841F3B048F0099469C /* LaunchScreen.storyboard in Resources */ = {isa = PBXBuildFile; fileRef = 19E704821F3B048F0099469C /* LaunchScreen.storyboard */; };
		19E704931F3B05FE0099469C /* HomeViewController.m in Sources */ = {isa = PBXBuildFile; fileRef = 19E704921F3B05FE0099469C /* HomeViewController.m */; };
		19E704D21F3C0A0D0099469C /* PZProductListViewController.m in Sources */ = {isa = PBXBuildFile; fileRef = 19E704D11F3C0A0D0099469C /* PZProductListViewController.m */; };
		19E704D51F3C0A8B0099469C /* PZProductListViewModel.m in Sources */ = {isa = PBXBuildFile; fileRef = 19E704D41F3C0A8B0099469C /* PZProductListViewModel.m */; };
		19E705A51F3C4C870099469C /* PZDefaultProductListModel.m in Sources */ = {isa = PBXBuildFile; fileRef = 19E705A41F3C4C870099469C /* PZDefaultProductListModel.m */; };
		45F3AD5B1F472CF400103908 /* PZShopCarViewController.m in Sources */ = {isa = PBXBuildFile; fileRef = 45F3AD5A1F472CF400103908 /* PZShopCarViewController.m */; };
		45FAB1741F48015600345496 /* iconfont.ttf in Resources */ = {isa = PBXBuildFile; fileRef = 45FAB1731F48015600345496 /* iconfont.ttf */; };
		45FAB1791F4817F200345496 /* PZShopCarValidCell.m in Sources */ = {isa = PBXBuildFile; fileRef = 45FAB1781F4817F200345496 /* PZShopCarValidCell.m */; };
		45FAB17C1F48188400345496 /* PZShopCarModel.m in Sources */ = {isa = PBXBuildFile; fileRef = 45FAB17B1F48188400345496 /* PZShopCarModel.m */; };
		C6D64A1B1F481BE600E67640 /* PZShopCarViewModel.m in Sources */ = {isa = PBXBuildFile; fileRef = C6D64A1A1F481BE600E67640 /* PZShopCarViewModel.m */; };
/* End PBXBuildFile section */

/* Begin PBXFileReference section */
		191363801F3C56100078E173 /* PZBaseNavigationController.h */ = {isa = PBXFileReference; fileEncoding = 4; lastKnownFileType = sourcecode.c.h; path = PZBaseNavigationController.h; sourceTree = "<group>"; };
		191363811F3C56100078E173 /* PZBaseNavigationController.m */ = {isa = PBXFileReference; fileEncoding = 4; lastKnownFileType = sourcecode.c.objc; path = PZBaseNavigationController.m; sourceTree = "<group>"; };
		191363841F3D373C0078E173 /* MBProgressHUD+Add.h */ = {isa = PBXFileReference; fileEncoding = 4; lastKnownFileType = sourcecode.c.h; path = "MBProgressHUD+Add.h"; sourceTree = "<group>"; };
		191363851F3D373C0078E173 /* MBProgressHUD+Add.m */ = {isa = PBXFileReference; fileEncoding = 4; lastKnownFileType = sourcecode.c.objc; path = "MBProgressHUD+Add.m"; sourceTree = "<group>"; };
		191363871F3D38500078E173 /* error.png */ = {isa = PBXFileReference; lastKnownFileType = image.png; path = error.png; sourceTree = "<group>"; };
		191363881F3D38500078E173 /* error@2x.png */ = {isa = PBXFileReference; lastKnownFileType = image.png; path = "error@2x.png"; sourceTree = "<group>"; };
		1913638B1F3D385B0078E173 /* success.png */ = {isa = PBXFileReference; lastKnownFileType = image.png; path = success.png; sourceTree = "<group>"; };
		1913638C1F3D385B0078E173 /* success@2x.png */ = {isa = PBXFileReference; lastKnownFileType = image.png; path = "success@2x.png"; sourceTree = "<group>"; };
		1913638F1F3D4E070078E173 /* UIImage+PZExtension.h */ = {isa = PBXFileReference; fileEncoding = 4; lastKnownFileType = sourcecode.c.h; path = "UIImage+PZExtension.h"; sourceTree = "<group>"; };
		191363901F3D4E070078E173 /* UIImage+PZExtension.m */ = {isa = PBXFileReference; fileEncoding = 4; lastKnownFileType = sourcecode.c.objc; path = "UIImage+PZExtension.m"; sourceTree = "<group>"; };
		19C899501F46D70A00E4458B /* PZBaseResponseModel.h */ = {isa = PBXFileReference; fileEncoding = 4; lastKnownFileType = sourcecode.c.h; path = PZBaseResponseModel.h; sourceTree = "<group>"; };
		19C899511F46D70A00E4458B /* PZBaseResponseModel.m */ = {isa = PBXFileReference; fileEncoding = 4; lastKnownFileType = sourcecode.c.objc; path = PZBaseResponseModel.m; sourceTree = "<group>"; };
		19C899571F46E32300E4458B /* PZNetApiClient.h */ = {isa = PBXFileReference; fileEncoding = 4; lastKnownFileType = sourcecode.c.h; path = PZNetApiClient.h; sourceTree = "<group>"; };
		19C899581F46E32300E4458B /* PZNetApiClient.m */ = {isa = PBXFileReference; fileEncoding = 4; lastKnownFileType = sourcecode.c.objc; path = PZNetApiClient.m; sourceTree = "<group>"; };
		19C8995A1F46E35F00E4458B /* PZNetApiManager.h */ = {isa = PBXFileReference; fileEncoding = 4; lastKnownFileType = sourcecode.c.h; path = PZNetApiManager.h; sourceTree = "<group>"; };
		19C8995B1F46E35F00E4458B /* PZNetApiManager.m */ = {isa = PBXFileReference; fileEncoding = 4; lastKnownFileType = sourcecode.c.objc; path = PZNetApiManager.m; sourceTree = "<group>"; };
		19E704711F3B048F0099469C /* MVVMReactiveCocoaExample.app */ = {isa = PBXFileReference; explicitFileType = wrapper.application; includeInIndex = 0; path = MVVMReactiveCocoaExample.app; sourceTree = BUILT_PRODUCTS_DIR; };
		19E704751F3B048F0099469C /* main.m */ = {isa = PBXFileReference; lastKnownFileType = sourcecode.c.objc; path = main.m; sourceTree = "<group>"; };
		19E704771F3B048F0099469C /* AppDelegate.h */ = {isa = PBXFileReference; lastKnownFileType = sourcecode.c.h; path = AppDelegate.h; sourceTree = "<group>"; };
		19E704781F3B048F0099469C /* AppDelegate.m */ = {isa = PBXFileReference; lastKnownFileType = sourcecode.c.objc; path = AppDelegate.m; sourceTree = "<group>"; };
		19E704801F3B048F0099469C /* Assets.xcassets */ = {isa = PBXFileReference; lastKnownFileType = folder.assetcatalog; path = Assets.xcassets; sourceTree = "<group>"; };
		19E704831F3B048F0099469C /* Base */ = {isa = PBXFileReference; lastKnownFileType = file.storyboard; name = Base; path = Base.lproj/LaunchScreen.storyboard; sourceTree = "<group>"; };
		19E704851F3B048F0099469C /* Info.plist */ = {isa = PBXFileReference; lastKnownFileType = text.plist.xml; path = Info.plist; sourceTree = "<group>"; };
		19E7048B1F3B05050099469C /* PrefixHeader.pch */ = {isa = PBXFileReference; fileEncoding = 4; lastKnownFileType = sourcecode.c.h; path = PrefixHeader.pch; sourceTree = "<group>"; };
		19E704911F3B05FE0099469C /* HomeViewController.h */ = {isa = PBXFileReference; fileEncoding = 4; lastKnownFileType = sourcecode.c.h; name = HomeViewController.h; path = ../HomeViewController.h; sourceTree = "<group>"; };
		19E704921F3B05FE0099469C /* HomeViewController.m */ = {isa = PBXFileReference; fileEncoding = 4; lastKnownFileType = sourcecode.c.objc; name = HomeViewController.m; path = ../HomeViewController.m; sourceTree = "<group>"; };
		19E704D01F3C0A0D0099469C /* PZProductListViewController.h */ = {isa = PBXFileReference; fileEncoding = 4; lastKnownFileType = sourcecode.c.h; path = PZProductListViewController.h; sourceTree = "<group>"; };
		19E704D11F3C0A0D0099469C /* PZProductListViewController.m */ = {isa = PBXFileReference; fileEncoding = 4; lastKnownFileType = sourcecode.c.objc; path = PZProductListViewController.m; sourceTree = "<group>"; };
		19E704D31F3C0A8B0099469C /* PZProductListViewModel.h */ = {isa = PBXFileReference; fileEncoding = 4; lastKnownFileType = sourcecode.c.h; path = PZProductListViewModel.h; sourceTree = "<group>"; };
		19E704D41F3C0A8B0099469C /* PZProductListViewModel.m */ = {isa = PBXFileReference; fileEncoding = 4; lastKnownFileType = sourcecode.c.objc; path = PZProductListViewModel.m; sourceTree = "<group>"; };
		19E704D61F3C0B310099469C /* PZShoppingCarHeader.h */ = {isa = PBXFileReference; fileEncoding = 4; lastKnownFileType = sourcecode.c.h; path = PZShoppingCarHeader.h; sourceTree = "<group>"; };
		19E705A31F3C4C870099469C /* PZDefaultProductListModel.h */ = {isa = PBXFileReference; fileEncoding = 4; lastKnownFileType = sourcecode.c.h; path = PZDefaultProductListModel.h; sourceTree = "<group>"; };
		19E705A41F3C4C870099469C /* PZDefaultProductListModel.m */ = {isa = PBXFileReference; fileEncoding = 4; lastKnownFileType = sourcecode.c.objc; path = PZDefaultProductListModel.m; sourceTree = "<group>"; };
		2A544EBF373A625DC3A240F1 /* Pods-MVVMReactiveCocoaExample.release.xcconfig */ = {isa = PBXFileReference; includeInIndex = 1; lastKnownFileType = text.xcconfig; name = "Pods-MVVMReactiveCocoaExample.release.xcconfig"; path = "Pods/Target Support Files/Pods-MVVMReactiveCocoaExample/Pods-MVVMReactiveCocoaExample.release.xcconfig"; sourceTree = "<group>"; };
		45F3AD591F472CF400103908 /* PZShopCarViewController.h */ = {isa = PBXFileReference; lastKnownFileType = sourcecode.c.h; path = PZShopCarViewController.h; sourceTree = "<group>"; };
		45F3AD5A1F472CF400103908 /* PZShopCarViewController.m */ = {isa = PBXFileReference; lastKnownFileType = sourcecode.c.objc; path = PZShopCarViewController.m; sourceTree = "<group>"; };
		45FAB1731F48015600345496 /* iconfont.ttf */ = {isa = PBXFileReference; lastKnownFileType = file; path = iconfont.ttf; sourceTree = "<group>"; };
		45FAB1771F4817F200345496 /* PZShopCarValidCell.h */ = {isa = PBXFileReference; fileEncoding = 4; lastKnownFileType = sourcecode.c.h; path = PZShopCarValidCell.h; sourceTree = "<group>"; };
		45FAB1781F4817F200345496 /* PZShopCarValidCell.m */ = {isa = PBXFileReference; fileEncoding = 4; lastKnownFileType = sourcecode.c.objc; path = PZShopCarValidCell.m; sourceTree = "<group>"; };
		45FAB17A1F48188400345496 /* PZShopCarModel.h */ = {isa = PBXFileReference; fileEncoding = 4; lastKnownFileType = sourcecode.c.h; path = PZShopCarModel.h; sourceTree = "<group>"; };
		45FAB17B1F48188400345496 /* PZShopCarModel.m */ = {isa = PBXFileReference; fileEncoding = 4; lastKnownFileType = sourcecode.c.objc; path = PZShopCarModel.m; sourceTree = "<group>"; };
		4D5304A566429A1466B11CC9 /* libPods-MVVMReactiveCocoaExample.a */ = {isa = PBXFileReference; explicitFileType = archive.ar; includeInIndex = 0; path = "libPods-MVVMReactiveCocoaExample.a"; sourceTree = BUILT_PRODUCTS_DIR; };
		7F3D6FA0AC8C37F03950875E /* Pods-MVVMReactiveCocoaExample.debug.xcconfig */ = {isa = PBXFileReference; includeInIndex = 1; lastKnownFileType = text.xcconfig; name = "Pods-MVVMReactiveCocoaExample.debug.xcconfig"; path = "Pods/Target Support Files/Pods-MVVMReactiveCocoaExample/Pods-MVVMReactiveCocoaExample.debug.xcconfig"; sourceTree = "<group>"; };
		C6D64A191F481BE600E67640 /* PZShopCarViewModel.h */ = {isa = PBXFileReference; fileEncoding = 4; lastKnownFileType = sourcecode.c.h; path = PZShopCarViewModel.h; sourceTree = "<group>"; };
		C6D64A1A1F481BE600E67640 /* PZShopCarViewModel.m */ = {isa = PBXFileReference; fileEncoding = 4; lastKnownFileType = sourcecode.c.objc; path = PZShopCarViewModel.m; sourceTree = "<group>"; };
/* End PBXFileReference section */

/* Begin PBXFrameworksBuildPhase section */
		19E7046E1F3B048F0099469C /* Frameworks */ = {
			isa = PBXFrameworksBuildPhase;
			buildActionMask = 2147483647;
			files = (
				0592236F8AF887EEB6493447 /* libPods-MVVMReactiveCocoaExample.a in Frameworks */,
			);
			runOnlyForDeploymentPostprocessing = 0;
		};
/* End PBXFrameworksBuildPhase section */

/* Begin PBXGroup section */
		1913637F1F3C55D40078E173 /* Base */ = {
			isa = PBXGroup;
			children = (
				191363801F3C56100078E173 /* PZBaseNavigationController.h */,
				191363811F3C56100078E173 /* PZBaseNavigationController.m */,
			);
			path = Base;
			sourceTree = "<group>";
		};
		191363831F3D373C0078E173 /* MBProgressHUD+Add */ = {
			isa = PBXGroup;
			children = (
				191363841F3D373C0078E173 /* MBProgressHUD+Add.h */,
				191363851F3D373C0078E173 /* MBProgressHUD+Add.m */,
			);
			path = "MBProgressHUD+Add";
			sourceTree = "<group>";
		};
		19C899561F46E30100E4458B /* ApiNetworkManager */ = {
			isa = PBXGroup;
			children = (
				19C899571F46E32300E4458B /* PZNetApiClient.h */,
				19C899581F46E32300E4458B /* PZNetApiClient.m */,
				19C8995A1F46E35F00E4458B /* PZNetApiManager.h */,
				19C8995B1F46E35F00E4458B /* PZNetApiManager.m */,
			);
			path = ApiNetworkManager;
			sourceTree = "<group>";
		};
		19E704681F3B048F0099469C = {
			isa = PBXGroup;
			children = (
				19E704731F3B048F0099469C /* MVVMReactiveCocoaExample */,
				19E704721F3B048F0099469C /* Products */,
				4E4D62CE1FFB9F75F25B6AA6 /* Pods */,
				AF1A120BC177C93188B0E827 /* Frameworks */,
			);
			sourceTree = "<group>";
		};
		19E704721F3B048F0099469C /* Products */ = {
			isa = PBXGroup;
			children = (
				19E704711F3B048F0099469C /* MVVMReactiveCocoaExample.app */,
			);
			name = Products;
			sourceTree = "<group>";
		};
		19E704731F3B048F0099469C /* MVVMReactiveCocoaExample */ = {
			isa = PBXGroup;
			children = (
				19E705A61F3C54970099469C /* Resources */,
				19E704951F3B08950099469C /* section */,
				19E7048F1F3B05CA0099469C /* Utilities */,
				19E7048D1F3B05CA0099469C /* General */,
				19E704741F3B048F0099469C /* Supporting Files */,
			);
			path = MVVMReactiveCocoaExample;
			sourceTree = "<group>";
		};
		19E704741F3B048F0099469C /* Supporting Files */ = {
			isa = PBXGroup;
			children = (
				19E704771F3B048F0099469C /* AppDelegate.h */,
				19E704781F3B048F0099469C /* AppDelegate.m */,
				19E704801F3B048F0099469C /* Assets.xcassets */,
				19E704821F3B048F0099469C /* LaunchScreen.storyboard */,
				19E704851F3B048F0099469C /* Info.plist */,
				19E704751F3B048F0099469C /* main.m */,
				19E7048B1F3B05050099469C /* PrefixHeader.pch */,
			);
			name = "Supporting Files";
			sourceTree = "<group>";
		};
		19E7048D1F3B05CA0099469C /* General */ = {
			isa = PBXGroup;
			children = (
				1913637F1F3C55D40078E173 /* Base */,
			);
			path = General;
			sourceTree = "<group>";
		};
		19E7048F1F3B05CA0099469C /* Utilities */ = {
			isa = PBXGroup;
			children = (
				19C899561F46E30100E4458B /* ApiNetworkManager */,
				191363831F3D373C0078E173 /* MBProgressHUD+Add */,
				1913638F1F3D4E070078E173 /* UIImage+PZExtension.h */,
				191363901F3D4E070078E173 /* UIImage+PZExtension.m */,
			);
			path = Utilities;
			sourceTree = "<group>";
		};
		19E704951F3B08950099469C /* section */ = {
			isa = PBXGroup;
			children = (
				19E704911F3B05FE0099469C /* HomeViewController.h */,
				19E704921F3B05FE0099469C /* HomeViewController.m */,
				19E704961F3B08C80099469C /* shoppingCar */,
			);
			path = section;
			sourceTree = "<group>";
		};
		19E704961F3B08C80099469C /* shoppingCar */ = {
			isa = PBXGroup;
			children = (
				19E704971F3B08C80099469C /* Model */,
				19E704981F3B08C80099469C /* View */,
				19E704991F3B08C80099469C /* ViewModel */,
			);
			path = shoppingCar;
			sourceTree = "<group>";
		};
		19E704971F3B08C80099469C /* Model */ = {
			isa = PBXGroup;
			children = (
				19E704D61F3C0B310099469C /* PZShoppingCarHeader.h */,
				19C899501F46D70A00E4458B /* PZBaseResponseModel.h */,
				19C899511F46D70A00E4458B /* PZBaseResponseModel.m */,
				19E705A31F3C4C870099469C /* PZDefaultProductListModel.h */,
				19E705A41F3C4C870099469C /* PZDefaultProductListModel.m */,
				45FAB17A1F48188400345496 /* PZShopCarModel.h */,
				45FAB17B1F48188400345496 /* PZShopCarModel.m */,
			);
			path = Model;
			sourceTree = "<group>";
		};
		19E704981F3B08C80099469C /* View */ = {
			isa = PBXGroup;
			children = (
				45FAB1761F48175200345496 /* validShopCarCell */,
				19E704D01F3C0A0D0099469C /* PZProductListViewController.h */,
				19E704D11F3C0A0D0099469C /* PZProductListViewController.m */,
				45F3AD591F472CF400103908 /* PZShopCarViewController.h */,
				45F3AD5A1F472CF400103908 /* PZShopCarViewController.m */,
			);
			path = View;
			sourceTree = "<group>";
		};
		19E704991F3B08C80099469C /* ViewModel */ = {
			isa = PBXGroup;
			children = (
				19E704D31F3C0A8B0099469C /* PZProductListViewModel.h */,
				19E704D41F3C0A8B0099469C /* PZProductListViewModel.m */,
				C6D64A191F481BE600E67640 /* PZShopCarViewModel.h */,
				C6D64A1A1F481BE600E67640 /* PZShopCarViewModel.m */,
			);
			path = ViewModel;
			sourceTree = "<group>";
		};
		19E705A61F3C54970099469C /* Resources */ = {
			isa = PBXGroup;
			children = (
				45FAB1731F48015600345496 /* iconfont.ttf */,
				1913638B1F3D385B0078E173 /* success.png */,
				1913638C1F3D385B0078E173 /* success@2x.png */,
				191363871F3D38500078E173 /* error.png */,
				191363881F3D38500078E173 /* error@2x.png */,
			);
			path = Resources;
			sourceTree = "<group>";
		};
		45FAB1761F48175200345496 /* validShopCarCell */ = {
			isa = PBXGroup;
			children = (
				45FAB1771F4817F200345496 /* PZShopCarValidCell.h */,
				45FAB1781F4817F200345496 /* PZShopCarValidCell.m */,
			);
			path = validShopCarCell;
			sourceTree = "<group>";
		};
		4E4D62CE1FFB9F75F25B6AA6 /* Pods */ = {
			isa = PBXGroup;
			children = (
				7F3D6FA0AC8C37F03950875E /* Pods-MVVMReactiveCocoaExample.debug.xcconfig */,
				2A544EBF373A625DC3A240F1 /* Pods-MVVMReactiveCocoaExample.release.xcconfig */,
			);
			name = Pods;
			sourceTree = "<group>";
		};
		AF1A120BC177C93188B0E827 /* Frameworks */ = {
			isa = PBXGroup;
			children = (
				4D5304A566429A1466B11CC9 /* libPods-MVVMReactiveCocoaExample.a */,
			);
			name = Frameworks;
			sourceTree = "<group>";
		};
/* End PBXGroup section */

/* Begin PBXNativeTarget section */
		19E704701F3B048F0099469C /* MVVMReactiveCocoaExample */ = {
			isa = PBXNativeTarget;
			buildConfigurationList = 19E704881F3B048F0099469C /* Build configuration list for PBXNativeTarget "MVVMReactiveCocoaExample" */;
			buildPhases = (
				7D7BA4D1518A1BF54D2C880B /* [CP] Check Pods Manifest.lock */,
				19E7046D1F3B048F0099469C /* Sources */,
				19E7046E1F3B048F0099469C /* Frameworks */,
				19E7046F1F3B048F0099469C /* Resources */,
				077EC771847954D7CE3EF75C /* [CP] Embed Pods Frameworks */,
				98CADE21F5A08AD8C2EB425C /* [CP] Copy Pods Resources */,
			);
			buildRules = (
			);
			dependencies = (
			);
			name = MVVMReactiveCocoaExample;
			productName = MVVMReactiveCocoaExample;
			productReference = 19E704711F3B048F0099469C /* MVVMReactiveCocoaExample.app */;
			productType = "com.apple.product-type.application";
		};
/* End PBXNativeTarget section */

/* Begin PBXProject section */
		19E704691F3B048F0099469C /* Project object */ = {
			isa = PBXProject;
			attributes = {
				CLASSPREFIX = PZ;
				LastUpgradeCheck = 0900;
				ORGANIZATIONNAME = Pace.Z;
				TargetAttributes = {
					19E704701F3B048F0099469C = {
						CreatedOnToolsVersion = 8.3.3;
						DevelopmentTeam = T2V479XL89;
						ProvisioningStyle = Automatic;
					};
				};
			};
			buildConfigurationList = 19E7046C1F3B048F0099469C /* Build configuration list for PBXProject "MVVMReactiveCocoaExample" */;
			compatibilityVersion = "Xcode 3.2";
			developmentRegion = English;
			hasScannedForEncodings = 0;
			knownRegions = (
				en,
				Base,
			);
			mainGroup = 19E704681F3B048F0099469C;
			productRefGroup = 19E704721F3B048F0099469C /* Products */;
			projectDirPath = "";
			projectRoot = "";
			targets = (
				19E704701F3B048F0099469C /* MVVMReactiveCocoaExample */,
			);
		};
/* End PBXProject section */

/* Begin PBXResourcesBuildPhase section */
		19E7046F1F3B048F0099469C /* Resources */ = {
			isa = PBXResourcesBuildPhase;
			buildActionMask = 2147483647;
			files = (
				1913638E1F3D385B0078E173 /* success@2x.png in Resources */,
				19E704841F3B048F0099469C /* LaunchScreen.storyboard in Resources */,
				45FAB1741F48015600345496 /* iconfont.ttf in Resources */,
				1913638D1F3D385B0078E173 /* success.png in Resources */,
				1913638A1F3D38500078E173 /* error@2x.png in Resources */,
				19E704811F3B048F0099469C /* Assets.xcassets in Resources */,
				191363891F3D38500078E173 /* error.png in Resources */,
			);
			runOnlyForDeploymentPostprocessing = 0;
		};
/* End PBXResourcesBuildPhase section */

/* Begin PBXShellScriptBuildPhase section */
		077EC771847954D7CE3EF75C /* [CP] Embed Pods Frameworks */ = {
			isa = PBXShellScriptBuildPhase;
			buildActionMask = 2147483647;
			files = (
			);
			inputPaths = (
			);
			name = "[CP] Embed Pods Frameworks";
			outputPaths = (
			);
			runOnlyForDeploymentPostprocessing = 0;
			shellPath = /bin/sh;
			shellScript = "\"${SRCROOT}/Pods/Target Support Files/Pods-MVVMReactiveCocoaExample/Pods-MVVMReactiveCocoaExample-frameworks.sh\"\n";
			showEnvVarsInLog = 0;
		};
		7D7BA4D1518A1BF54D2C880B /* [CP] Check Pods Manifest.lock */ = {
			isa = PBXShellScriptBuildPhase;
			buildActionMask = 2147483647;
			files = (
			);
			inputPaths = (
			);
			name = "[CP] Check Pods Manifest.lock";
			outputPaths = (
			);
			runOnlyForDeploymentPostprocessing = 0;
			shellPath = /bin/sh;
			shellScript = "diff \"${PODS_PODFILE_DIR_PATH}/Podfile.lock\" \"${PODS_ROOT}/Manifest.lock\" > /dev/null\nif [ $? != 0 ] ; then\n    # print error to STDERR\n    echo \"error: The sandbox is not in sync with the Podfile.lock. Run 'pod install' or update your CocoaPods installation.\" >&2\n    exit 1\nfi\n";
			showEnvVarsInLog = 0;
		};
		98CADE21F5A08AD8C2EB425C /* [CP] Copy Pods Resources */ = {
			isa = PBXShellScriptBuildPhase;
			buildActionMask = 2147483647;
			files = (
			);
			inputPaths = (
			);
			name = "[CP] Copy Pods Resources";
			outputPaths = (
			);
			runOnlyForDeploymentPostprocessing = 0;
			shellPath = /bin/sh;
			shellScript = "\"${SRCROOT}/Pods/Target Support Files/Pods-MVVMReactiveCocoaExample/Pods-MVVMReactiveCocoaExample-resources.sh\"\n";
			showEnvVarsInLog = 0;
		};
/* End PBXShellScriptBuildPhase section */

/* Begin PBXSourcesBuildPhase section */
		19E7046D1F3B048F0099469C /* Sources */ = {
			isa = PBXSourcesBuildPhase;
			buildActionMask = 2147483647;
			files = (
				19E704791F3B048F0099469C /* AppDelegate.m in Sources */,
				19C899521F46D70A00E4458B /* PZBaseResponseModel.m in Sources */,
				19E704761F3B048F0099469C /* main.m in Sources */,
				45F3AD5B1F472CF400103908 /* PZShopCarViewController.m in Sources */,
				19E704D21F3C0A0D0099469C /* PZProductListViewController.m in Sources */,
				C6D64A1B1F481BE600E67640 /* PZShopCarViewModel.m in Sources */,
				191363911F3D4E070078E173 /* UIImage+PZExtension.m in Sources */,
				19C899591F46E32300E4458B /* PZNetApiClient.m in Sources */,
				19E704931F3B05FE0099469C /* HomeViewController.m in Sources */,
				45FAB17C1F48188400345496 /* PZShopCarModel.m in Sources */,
				191363821F3C56100078E173 /* PZBaseNavigationController.m in Sources */,
				19C8995C1F46E35F00E4458B /* PZNetApiManager.m in Sources */,
				191363861F3D373C0078E173 /* MBProgressHUD+Add.m in Sources */,
				19E704D51F3C0A8B0099469C /* PZProductListViewModel.m in Sources */,
				19E705A51F3C4C870099469C /* PZDefaultProductListModel.m in Sources */,
				45FAB1791F4817F200345496 /* PZShopCarValidCell.m in Sources */,
			);
			runOnlyForDeploymentPostprocessing = 0;
		};
/* End PBXSourcesBuildPhase section */

/* Begin PBXVariantGroup section */
		19E704821F3B048F0099469C /* LaunchScreen.storyboard */ = {
			isa = PBXVariantGroup;
			children = (
				19E704831F3B048F0099469C /* Base */,
			);
			name = LaunchScreen.storyboard;
			sourceTree = "<group>";
		};
/* End PBXVariantGroup section */

/* Begin XCBuildConfiguration section */
		19E704861F3B048F0099469C /* Debug */ = {
			isa = XCBuildConfiguration;
			buildSettings = {
				ALWAYS_SEARCH_USER_PATHS = NO;
				CLANG_ANALYZER_NONNULL = YES;
				CLANG_ANALYZER_NUMBER_OBJECT_CONVERSION = YES_AGGRESSIVE;
				CLANG_CXX_LANGUAGE_STANDARD = "gnu++0x";
				CLANG_CXX_LIBRARY = "libc++";
				CLANG_ENABLE_MODULES = YES;
				CLANG_ENABLE_OBJC_ARC = YES;
				CLANG_WARN_BLOCK_CAPTURE_AUTORELEASING = YES;
				CLANG_WARN_BOOL_CONVERSION = YES;
				CLANG_WARN_COMMA = YES;
				CLANG_WARN_CONSTANT_CONVERSION = YES;
				CLANG_WARN_DIRECT_OBJC_ISA_USAGE = YES_ERROR;
				CLANG_WARN_DOCUMENTATION_COMMENTS = YES;
				CLANG_WARN_EMPTY_BODY = YES;
				CLANG_WARN_ENUM_CONVERSION = YES;
				CLANG_WARN_INFINITE_RECURSION = YES;
				CLANG_WARN_INT_CONVERSION = YES;
				CLANG_WARN_NON_LITERAL_NULL_CONVERSION = YES;
				CLANG_WARN_OBJC_LITERAL_CONVERSION = YES;
				CLANG_WARN_OBJC_ROOT_CLASS = YES_ERROR;
				CLANG_WARN_RANGE_LOOP_ANALYSIS = YES;
				CLANG_WARN_STRICT_PROTOTYPES = YES;
				CLANG_WARN_SUSPICIOUS_MOVE = YES;
				CLANG_WARN_UNREACHABLE_CODE = YES;
				CLANG_WARN__DUPLICATE_METHOD_MATCH = YES;
				"CODE_SIGN_IDENTITY[sdk=iphoneos*]" = "iPhone Developer";
				COPY_PHASE_STRIP = NO;
				DEBUG_INFORMATION_FORMAT = dwarf;
				ENABLE_STRICT_OBJC_MSGSEND = YES;
				ENABLE_TESTABILITY = YES;
				GCC_C_LANGUAGE_STANDARD = gnu99;
				GCC_DYNAMIC_NO_PIC = NO;
				GCC_NO_COMMON_BLOCKS = YES;
				GCC_OPTIMIZATION_LEVEL = 0;
				GCC_PREPROCESSOR_DEFINITIONS = (
					"DEBUG=1",
					"$(inherited)",
				);
				GCC_WARN_64_TO_32_BIT_CONVERSION = YES;
				GCC_WARN_ABOUT_RETURN_TYPE = YES_ERROR;
				GCC_WARN_UNDECLARED_SELECTOR = YES;
				GCC_WARN_UNINITIALIZED_AUTOS = YES_AGGRESSIVE;
				GCC_WARN_UNUSED_FUNCTION = YES;
				GCC_WARN_UNUSED_VARIABLE = YES;
				IPHONEOS_DEPLOYMENT_TARGET = 8.0;
				MTL_ENABLE_DEBUG_INFO = YES;
				ONLY_ACTIVE_ARCH = YES;
				SDKROOT = iphoneos;
				TARGETED_DEVICE_FAMILY = "1,2";
			};
			name = Debug;
		};
		19E704871F3B048F0099469C /* Release */ = {
			isa = XCBuildConfiguration;
			buildSettings = {
				ALWAYS_SEARCH_USER_PATHS = NO;
				CLANG_ANALYZER_NONNULL = YES;
				CLANG_ANALYZER_NUMBER_OBJECT_CONVERSION = YES_AGGRESSIVE;
				CLANG_CXX_LANGUAGE_STANDARD = "gnu++0x";
				CLANG_CXX_LIBRARY = "libc++";
				CLANG_ENABLE_MODULES = YES;
				CLANG_ENABLE_OBJC_ARC = YES;
				CLANG_WARN_BLOCK_CAPTURE_AUTORELEASING = YES;
				CLANG_WARN_BOOL_CONVERSION = YES;
				CLANG_WARN_COMMA = YES;
				CLANG_WARN_CONSTANT_CONVERSION = YES;
				CLANG_WARN_DIRECT_OBJC_ISA_USAGE = YES_ERROR;
				CLANG_WARN_DOCUMENTATION_COMMENTS = YES;
				CLANG_WARN_EMPTY_BODY = YES;
				CLANG_WARN_ENUM_CONVERSION = YES;
				CLANG_WARN_INFINITE_RECURSION = YES;
				CLANG_WARN_INT_CONVERSION = YES;
				CLANG_WARN_NON_LITERAL_NULL_CONVERSION = YES;
				CLANG_WARN_OBJC_LITERAL_CONVERSION = YES;
				CLANG_WARN_OBJC_ROOT_CLASS = YES_ERROR;
				CLANG_WARN_RANGE_LOOP_ANALYSIS = YES;
				CLANG_WARN_STRICT_PROTOTYPES = YES;
				CLANG_WARN_SUSPICIOUS_MOVE = YES;
				CLANG_WARN_UNREACHABLE_CODE = YES;
				CLANG_WARN__DUPLICATE_METHOD_MATCH = YES;
				"CODE_SIGN_IDENTITY[sdk=iphoneos*]" = "iPhone Developer";
				COPY_PHASE_STRIP = NO;
				DEBUG_INFORMATION_FORMAT = "dwarf-with-dsym";
				ENABLE_NS_ASSERTIONS = NO;
				ENABLE_STRICT_OBJC_MSGSEND = YES;
				GCC_C_LANGUAGE_STANDARD = gnu99;
				GCC_NO_COMMON_BLOCKS = YES;
				GCC_WARN_64_TO_32_BIT_CONVERSION = YES;
				GCC_WARN_ABOUT_RETURN_TYPE = YES_ERROR;
				GCC_WARN_UNDECLARED_SELECTOR = YES;
				GCC_WARN_UNINITIALIZED_AUTOS = YES_AGGRESSIVE;
				GCC_WARN_UNUSED_FUNCTION = YES;
				GCC_WARN_UNUSED_VARIABLE = YES;
				IPHONEOS_DEPLOYMENT_TARGET = 8.0;
				MTL_ENABLE_DEBUG_INFO = NO;
				SDKROOT = iphoneos;
				TARGETED_DEVICE_FAMILY = "1,2";
				VALIDATE_PRODUCT = YES;
			};
			name = Release;
		};
		19E704891F3B048F0099469C /* Debug */ = {
			isa = XCBuildConfiguration;
			baseConfigurationReference = 7F3D6FA0AC8C37F03950875E /* Pods-MVVMReactiveCocoaExample.debug.xcconfig */;
			buildSettings = {
				ASSETCATALOG_COMPILER_APPICON_NAME = AppIcon;
				DEVELOPMENT_TEAM = T2V479XL89;
				GCC_PREFIX_HEADER = MVVMReactiveCocoaExample/PrefixHeader.pch;
				INFOPLIST_FILE = MVVMReactiveCocoaExample/Info.plist;
				IPHONEOS_DEPLOYMENT_TARGET = 8.0;
				LD_RUNPATH_SEARCH_PATHS = "$(inherited) @executable_path/Frameworks";
				PRODUCT_BUNDLE_IDENTIFIER = com.ablackcrow.MVVMReactiveCocoaExample;
				PRODUCT_NAME = "$(TARGET_NAME)";
			};
			name = Debug;
		};
		19E7048A1F3B048F0099469C /* Release */ = {
			isa = XCBuildConfiguration;
			baseConfigurationReference = 2A544EBF373A625DC3A240F1 /* Pods-MVVMReactiveCocoaExample.release.xcconfig */;
			buildSettings = {
				ASSETCATALOG_COMPILER_APPICON_NAME = AppIcon;
				DEVELOPMENT_TEAM = T2V479XL89;
				GCC_PREFIX_HEADER = MVVMReactiveCocoaExample/PrefixHeader.pch;
				INFOPLIST_FILE = MVVMReactiveCocoaExample/Info.plist;
				IPHONEOS_DEPLOYMENT_TARGET = 8.0;
				LD_RUNPATH_SEARCH_PATHS = "$(inherited) @executable_path/Frameworks";
				PRODUCT_BUNDLE_IDENTIFIER = com.ablackcrow.MVVMReactiveCocoaExample;
				PRODUCT_NAME = "$(TARGET_NAME)";
			};
			name = Release;
		};
/* End XCBuildConfiguration section */

/* Begin XCConfigurationList section */
		19E7046C1F3B048F0099469C /* Build configuration list for PBXProject "MVVMReactiveCocoaExample" */ = {
			isa = XCConfigurationList;
			buildConfigurations = (
				19E704861F3B048F0099469C /* Debug */,
				19E704871F3B048F0099469C /* Release */,
			);
			defaultConfigurationIsVisible = 0;
			defaultConfigurationName = Release;
		};
		19E704881F3B048F0099469C /* Build configuration list for PBXNativeTarget "MVVMReactiveCocoaExample" */ = {
			isa = XCConfigurationList;
			buildConfigurations = (
				19E704891F3B048F0099469C /* Debug */,
				19E7048A1F3B048F0099469C /* Release */,
			);
			defaultConfigurationIsVisible = 0;
			defaultConfigurationName = Release;
		};
/* End XCConfigurationList section */
	};
	rootObject = 19E704691F3B048F0099469C /* Project object */;
}
